
Microsoft Visual Studio Solution File, Format Version 12.00
# Visual Studio Version 16
VisualStudioVersion = 16.0.29806.167
MinimumVisualStudioVersion = 10.0.40219.1
Project("{FAE04EC0-301F-11D3-BF4B-00C04F79EFBC}") = "00_VariablesAndValueTypes", "00_VariablesAndValueTypes\00_VariablesAndValueTypes.csproj", "{F54FCCFD-F63E-4D64-A153-7431551EBED0}"
EndProject
Project("{FAE04EC0-301F-11D3-BF4B-00C04F79EFBC}") = "01_ReferenceTypes", "01_ReferenceTypes\01_ReferenceTypes.csproj", "{48189202-5502-4D8A-BFCE-C74BB3111E5E}"
EndProject
Project("{FAE04EC0-301F-11D3-BF4B-00C04F79EFBC}") = "02_Operators", "02_Operators\02_Operators.csproj", "{C2243BB6-D7F9-442C-8454-6C27C6BDCCC3}"
EndProject
Project("{FAE04EC0-301F-11D3-BF4B-00C04F79EFBC}") = "03_Classes", "03_Classes\03_Classes.csproj", "{E23AE5BA-197D-4A15-B0F1-CB5F2B87FCFF}"
EndProject
Project("{FAE04EC0-301F-11D3-BF4B-00C04F79EFBC}") = "04_IfElseStatements", "04_IfElseStatements\04_IfElseStatements.csproj", "{08E893C8-C5EE-4835-B386-8D3CA366CF85}"
EndProject
Project("{FAE04EC0-301F-11D3-BF4B-00C04F79EFBC}") = "04_SwitchCases", "04_SwitchCases\04_SwitchCases.csproj", "{0E389937-2DD6-4906-81ED-E39F1404B180}"
EndProject
Project("{FAE04EC0-301F-11D3-BF4B-00C04F79EFBC}") = "04_Ternaries", "04_Ternaries\04_Ternaries.csproj", "{B222FCD0-CB3F-4079-A305-41F963EDFB84}"
EndProject
Project("{FAE04EC0-301F-11D3-BF4B-00C04F79EFBC}") = "05_Loops", "05_Loops\05_Loops.csproj", "{E0B30CBD-4E75-416F-B90C-09E64ACEB995}"
EndProject
Project("{FAE04EC0-301F-11D3-BF4B-00C04F79EFBC}") = "06_RepositoryPattern_Repository", "06_RepositoryPattern_Repository\06_RepositoryPattern_Repository.csproj", "{A799E7AA-B688-4EF1-9818-76D225BE28AD}"
EndProject
Project("{FAE04EC0-301F-11D3-BF4B-00C04F79EFBC}") = "06_RepositoryPattern_Tests", "06_RepositoryPattern_Tests\06_RepositoryPattern_Tests.csproj", "{8CD91FB8-634E-4FB6-A304-E11226F21F3A}"
EndProject
Project("{FAE04EC0-301F-11D3-BF4B-00C04F79EFBC}") = "07_Inheritance_Classes", "07_Inheritance_Classes\07_Inheritance_Classes.csproj", "{9506C73D-0226-4FE2-BD6B-FF213D71C960}"
EndProject
Project("{FAE04EC0-301F-11D3-BF4B-00C04F79EFBC}") = "07_Inheritance_Tests", "07_Inheritance_Tests\07_Inheritance_Tests.csproj", "{DBFEF74E-4984-449D-BC05-F6C04C410AAE}"
EndProject
Project("{FAE04EC0-301F-11D3-BF4B-00C04F79EFBC}") = "08_StreamingContent_ConsoleUI", "08_StreamingContent_ConsoleUI\08_StreamingContent_ConsoleUI.csproj", "{23182CDD-D45A-4903-80D7-8D8FDC71448B}"
EndProject
Project("{FAE04EC0-301F-11D3-BF4B-00C04F79EFBC}") = "09_Interfaces_Introduction", "09_Interfaces_Introduction\09_Interfaces_Introduction.csproj", "{E9002A9C-6A5C-4C22-B49D-B6CE98D14D63}"
EndProject
Global
	GlobalSection(SolutionConfigurationPlatforms) = preSolution
		Debug|Any CPU = Debug|Any CPU
		Release|Any CPU = Release|Any CPU
	EndGlobalSection
	GlobalSection(ProjectConfigurationPlatforms) = postSolution
		{F54FCCFD-F63E-4D64-A153-7431551EBED0}.Debug|Any CPU.ActiveCfg = Debug|Any CPU
		{F54FCCFD-F63E-4D64-A153-7431551EBED0}.Debug|Any CPU.Build.0 = Debug|Any CPU
		{F54FCCFD-F63E-4D64-A153-7431551EBED0}.Release|Any CPU.ActiveCfg = Release|Any CPU
		{F54FCCFD-F63E-4D64-A153-7431551EBED0}.Release|Any CPU.Build.0 = Release|Any CPU
		{48189202-5502-4D8A-BFCE-C74BB3111E5E}.Debug|Any CPU.ActiveCfg = Debug|Any CPU
		{48189202-5502-4D8A-BFCE-C74BB3111E5E}.Debug|Any CPU.Build.0 = Debug|Any CPU
		{48189202-5502-4D8A-BFCE-C74BB3111E5E}.Release|Any CPU.ActiveCfg = Release|Any CPU
		{48189202-5502-4D8A-BFCE-C74BB3111E5E}.Release|Any CPU.Build.0 = Release|Any CPU
		{C2243BB6-D7F9-442C-8454-6C27C6BDCCC3}.Debug|Any CPU.ActiveCfg = Debug|Any CPU
		{C2243BB6-D7F9-442C-8454-6C27C6BDCCC3}.Debug|Any CPU.Build.0 = Debug|Any CPU
		{C2243BB6-D7F9-442C-8454-6C27C6BDCCC3}.Release|Any CPU.ActiveCfg = Release|Any CPU
		{C2243BB6-D7F9-442C-8454-6C27C6BDCCC3}.Release|Any CPU.Build.0 = Release|Any CPU
		{E23AE5BA-197D-4A15-B0F1-CB5F2B87FCFF}.Debug|Any CPU.ActiveCfg = Debug|Any CPU
		{E23AE5BA-197D-4A15-B0F1-CB5F2B87FCFF}.Debug|Any CPU.Build.0 = Debug|Any CPU
		{E23AE5BA-197D-4A15-B0F1-CB5F2B87FCFF}.Release|Any CPU.ActiveCfg = Release|Any CPU
		{E23AE5BA-197D-4A15-B0F1-CB5F2B87FCFF}.Release|Any CPU.Build.0 = Release|Any CPU
		{08E893C8-C5EE-4835-B386-8D3CA366CF85}.Debug|Any CPU.ActiveCfg = Debug|Any CPU
		{08E893C8-C5EE-4835-B386-8D3CA366CF85}.Debug|Any CPU.Build.0 = Debug|Any CPU
		{08E893C8-C5EE-4835-B386-8D3CA366CF85}.Release|Any CPU.ActiveCfg = Release|Any CPU
		{08E893C8-C5EE-4835-B386-8D3CA366CF85}.Release|Any CPU.Build.0 = Release|Any CPU
		{0E389937-2DD6-4906-81ED-E39F1404B180}.Debug|Any CPU.ActiveCfg = Debug|Any CPU
		{0E389937-2DD6-4906-81ED-E39F1404B180}.Debug|Any CPU.Build.0 = Debug|Any CPU
		{0E389937-2DD6-4906-81ED-E39F1404B180}.Release|Any CPU.ActiveCfg = Release|Any CPU
		{0E389937-2DD6-4906-81ED-E39F1404B180}.Release|Any CPU.Build.0 = Release|Any CPU
		{B222FCD0-CB3F-4079-A305-41F963EDFB84}.Debug|Any CPU.ActiveCfg = Debug|Any CPU
		{B222FCD0-CB3F-4079-A305-41F963EDFB84}.Debug|Any CPU.Build.0 = Debug|Any CPU
		{B222FCD0-CB3F-4079-A305-41F963EDFB84}.Release|Any CPU.ActiveCfg = Release|Any CPU
		{B222FCD0-CB3F-4079-A305-41F963EDFB84}.Release|Any CPU.Build.0 = Release|Any CPU
		{E0B30CBD-4E75-416F-B90C-09E64ACEB995}.Debug|Any CPU.ActiveCfg = Debug|Any CPU
		{E0B30CBD-4E75-416F-B90C-09E64ACEB995}.Debug|Any CPU.Build.0 = Debug|Any CPU
		{E0B30CBD-4E75-416F-B90C-09E64ACEB995}.Release|Any CPU.ActiveCfg = Release|Any CPU
		{E0B30CBD-4E75-416F-B90C-09E64ACEB995}.Release|Any CPU.Build.0 = Release|Any CPU
		{A799E7AA-B688-4EF1-9818-76D225BE28AD}.Debug|Any CPU.ActiveCfg = Debug|Any CPU
		{A799E7AA-B688-4EF1-9818-76D225BE28AD}.Debug|Any CPU.Build.0 = Debug|Any CPU
		{A799E7AA-B688-4EF1-9818-76D225BE28AD}.Release|Any CPU.ActiveCfg = Release|Any CPU
		{A799E7AA-B688-4EF1-9818-76D225BE28AD}.Release|Any CPU.Build.0 = Release|Any CPU
		{8CD91FB8-634E-4FB6-A304-E11226F21F3A}.Debug|Any CPU.ActiveCfg = Debug|Any CPU
		{8CD91FB8-634E-4FB6-A304-E11226F21F3A}.Debug|Any CPU.Build.0 = Debug|Any CPU
		{8CD91FB8-634E-4FB6-A304-E11226F21F3A}.Release|Any CPU.ActiveCfg = Release|Any CPU
		{8CD91FB8-634E-4FB6-A304-E11226F21F3A}.Release|Any CPU.Build.0 = Release|Any CPU
		{9506C73D-0226-4FE2-BD6B-FF213D71C960}.Debug|Any CPU.ActiveCfg = Debug|Any CPU
		{9506C73D-0226-4FE2-BD6B-FF213D71C960}.Debug|Any CPU.Build.0 = Debug|Any CPU
		{9506C73D-0226-4FE2-BD6B-FF213D71C960}.Release|Any CPU.ActiveCfg = Release|Any CPU
		{9506C73D-0226-4FE2-BD6B-FF213D71C960}.Release|Any CPU.Build.0 = Release|Any CPU
		{DBFEF74E-4984-449D-BC05-F6C04C410AAE}.Debug|Any CPU.ActiveCfg = Debug|Any CPU
		{DBFEF74E-4984-449D-BC05-F6C04C410AAE}.Debug|Any CPU.Build.0 = Debug|Any CPU
		{DBFEF74E-4984-449D-BC05-F6C04C410AAE}.Release|Any CPU.ActiveCfg = Release|Any CPU
		{DBFEF74E-4984-449D-BC05-F6C04C410AAE}.Release|Any CPU.Build.0 = Release|Any CPU
		{23182CDD-D45A-4903-80D7-8D8FDC71448B}.Debug|Any CPU.ActiveCfg = Debug|Any CPU
		{23182CDD-D45A-4903-80D7-8D8FDC71448B}.Debug|Any CPU.Build.0 = Debug|Any CPU
		{23182CDD-D45A-4903-80D7-8D8FDC71448B}.Release|Any CPU.ActiveCfg = Release|Any CPU
		{23182CDD-D45A-4903-80D7-8D8FDC71448B}.Release|Any CPU.Build.0 = Release|Any CPU
		{E9002A9C-6A5C-4C22-B49D-B6CE98D14D63}.Debug|Any CPU.ActiveCfg = Debug|Any CPU
		{E9002A9C-6A5C-4C22-B49D-B6CE98D14D63}.Debug|Any CPU.Build.0 = Debug|Any CPU
		{E9002A9C-6A5C-4C22-B49D-B6CE98D14D63}.Release|Any CPU.ActiveCfg = Release|Any CPU
		{E9002A9C-6A5C-4C22-B49D-B6CE98D14D63}.Release|Any CPU.Build.0 = Release|Any CPU
	EndGlobalSection
	GlobalSection(SolutionProperties) = preSolution
		HideSolutionNode = FALSE
	EndGlobalSection
	GlobalSection(ExtensibilityGlobals) = postSolution
		SolutionGuid = {A92654BF-20C9-4064-999C-863E76832B46}
	EndGlobalSection
EndGlobal
